// !$*UTF8*$!
{
	archiveVersion = 1;
	classes = {
	};
	objectVersion = 46;
	objects = {

/* Begin PBXBuildFile section */
		CC88A2971C6A2E41004ED7EF /* AppDelegate.swift in Sources */ = {isa = PBXBuildFile; fileRef = CC88A2961C6A2E41004ED7EF /* AppDelegate.swift */; };
		CC88A2991C6A2E41004ED7EF /* ViewController.swift in Sources */ = {isa = PBXBuildFile; fileRef = CC88A2981C6A2E41004ED7EF /* ViewController.swift */; };
		CC88A29C1C6A2E41004ED7EF /* Main.storyboard in Resources */ = {isa = PBXBuildFile; fileRef = CC88A29A1C6A2E41004ED7EF /* Main.storyboard */; };
		CC88A29E1C6A2E41004ED7EF /* Assets.xcassets in Resources */ = {isa = PBXBuildFile; fileRef = CC88A29D1C6A2E41004ED7EF /* Assets.xcassets */; };
		CC88A2A11C6A2E41004ED7EF /* LaunchScreen.storyboard in Resources */ = {isa = PBXBuildFile; fileRef = CC88A29F1C6A2E41004ED7EF /* LaunchScreen.storyboard */; };
/* End PBXBuildFile section */

/* Begin PBXFileReference section */
		CC88A2931C6A2E41004ED7EF /* Animations.app */ = {isa = PBXFileReference; explicitFileType = wrapper.application; includeInIndex = 0; path = Animations.app; sourceTree = BUILT_PRODUCTS_DIR; };
		CC88A2961C6A2E41004ED7EF /* AppDelegate.swift */ = {isa = PBXFileReference; lastKnownFileType = sourcecode.swift; path = AppDelegate.swift; sourceTree = "<group>"; };
		CC88A2981C6A2E41004ED7EF /* ViewController.swift */ = {isa = PBXFileReference; lastKnownFileType = sourcecode.swift; path = ViewController.swift; sourceTree = "<group>"; };
		CC88A29B1C6A2E41004ED7EF /* Base */ = {isa = PBXFileReference; lastKnownFileType = file.storyboard; name = Base; path = Base.lproj/Main.storyboard; sourceTree = "<group>"; };
		CC88A29D1C6A2E41004ED7EF /* Assets.xcassets */ = {isa = PBXFileReference; lastKnownFileType = folder.assetcatalog; path = Assets.xcassets; sourceTree = "<group>"; };
		CC88A2A01C6A2E41004ED7EF /* Base */ = {isa = PBXFileReference; lastKnownFileType = file.storyboard; name = Base; path = Base.lproj/LaunchScreen.storyboard; sourceTree = "<group>"; };
		CC88A2A21C6A2E41004ED7EF /* Info.plist */ = {isa = PBXFileReference; lastKnownFileType = text.plist.xml; path = Info.plist; sourceTree = "<group>"; };
/* End PBXFileReference section */

/* Begin PBXFrameworksBuildPhase section */
		CC88A2901C6A2E41004ED7EF /* Frameworks */ = {
			isa = PBXFrameworksBuildPhase;
			buildActionMask = 2147483647;
			files = (
			);
			runOnlyForDeploymentPostprocessing = 0;
		};
/* End PBXFrameworksBuildPhase section */

/* Begin PBXGroup section */
		CC88A28A1C6A2E41004ED7EF = {
			isa = PBXGroup;
			children = (
				CC88A2951C6A2E41004ED7EF /* Animations */,
				CC88A2941C6A2E41004ED7EF /* Products */,
			);
			sourceTree = "<group>";
		};
		CC88A2941C6A2E41004ED7EF /* Products */ = {
			isa = PBXGroup;
			children = (
				CC88A2931C6A2E41004ED7EF /* Animations.app */,
			);
			name = Products;
			sourceTree = "<group>";
		};
		CC88A2951C6A2E41004ED7EF /* Animations */ = {
			isa = PBXGroup;
			children = (
				CC88A2961C6A2E41004ED7EF /* AppDelegate.swift */,
				CC88A2981C6A2E41004ED7EF /* ViewController.swift */,
				CC88A29A1C6A2E41004ED7EF /* Main.storyboard */,
				CC88A29D1C6A2E41004ED7EF /* Assets.xcassets */,
				CC88A29F1C6A2E41004ED7EF /* LaunchScreen.storyboard */,
				CC88A2A21C6A2E41004ED7EF /* Info.plist */,
			);
			path = Animations;
			sourceTree = "<group>";
		};
/* End PBXGroup section */

/* Begin PBXNativeTarget section */
		CC88A2921C6A2E41004ED7EF /* Animations */ = {
			isa = PBXNativeTarget;
			buildConfigurationList = CC88A2A51C6A2E41004ED7EF /* Build configuration list for PBXNativeTarget "Animations" */;
			buildPhases = (
				CC88A28F1C6A2E41004ED7EF /* Sources */,
				CC88A2901C6A2E41004ED7EF /* Frameworks */,
				CC88A2911C6A2E41004ED7EF /* Resources */,
			);
			buildRules = (
			);
			dependencies = (
			);
			name = Animations;
			productName = Animations;
			productReference = CC88A2931C6A2E41004ED7EF /* Animations.app */;
			productType = "com.apple.product-type.application";
		};
/* End PBXNativeTarget section */

/* Begin PBXProject section */
		CC88A28B1C6A2E41004ED7EF /* Project object */ = {
			isa = PBXProject;
			attributes = {
				LastSwiftUpdateCheck = 0720;
				LastUpgradeCheck = 0720;
				ORGANIZATIONNAME = "Bart Jacobs";
				TargetAttributes = {
					CC88A2921C6A2E41004ED7EF = {
						CreatedOnToolsVersion = 7.2.1;
					};
				};
			};
			buildConfigurationList = CC88A28E1C6A2E41004ED7EF /* Build configuration list for PBXProject "Animations" */;
			compatibilityVersion = "Xcode 3.2";
			developmentRegion = English;
			hasScannedForEncodings = 0;
			knownRegions = (
				en,
				Base,
			);
			mainGroup = CC88A28A1C6A2E41004ED7EF;
			productRefGroup = CC88A2941C6A2E41004ED7EF /* Products */;
			projectDirPath = "";
			projectRoot = "";
			targets = (
				CC88A2921C6A2E41004ED7EF /* Animations */,
			);
		};
/* End PBXProject section */

/* Begin PBXResourcesBuildPhase section */
		CC88A2911C6A2E41004ED7EF /* Resources */ = {
			isa = PBXResourcesBuildPhase;
			buildActionMask = 2147483647;
			files = (
				CC88A2A11C6A2E41004ED7EF /* LaunchScreen.storyboard in Resources */,
				CC88A29E1C6A2E41004ED7EF /* Assets.xcassets in Resources */,
				CC88A29C1C6A2E41004ED7EF /* Main.storyboard in Resources */,
			);
			runOnlyForDeploymentPostprocessing = 0;
		};
/* End PBXResourcesBuildPhase section */

/* Begin PBXSourcesBuildPhase section */
		CC88A28F1C6A2E41004ED7EF /* Sources */ = {
			isa = PBXSourcesBuildPhase;
			buildActionMask = 2147483647;
			files = (
				CC88A2991C6A2E41004ED7EF /* ViewController.swift in Sources */,
				CC88A2971C6A2E41004ED7EF /* AppDelegate.swift in Sources */,
			);
			runOnlyForDeploymentPostprocessing = 0;
		};
/* End PBXSourcesBuildPhase section */

/* Begin PBXVariantGroup section */
		CC88A29A1C6A2E41004ED7EF /* Main.storyboard */ = {
			isa = PBXVariantGroup;
			children = (
				CC88A29B1C6A2E41004ED7EF /* Base */,
			);
			name = Main.storyboard;
			sourceTree = "<group>";
		};
		CC88A29F1C6A2E41004ED7EF /* LaunchScreen.storyboard */ = {
			isa = PBXVariantGroup;
			children = (
				CC88A2A01C6A2E41004ED7EF /* Base */,
			);
			name = LaunchScreen.storyboard;
			sourceTree = "<group>";
		};
/* End PBXVariantGroup section */

/* Begin XCBuildConfiguration section */
		CC88A2A31C6A2E41004ED7EF /* Debug */ = {
			isa = XCBuildConfiguration;
			buildSettings = {
				ALWAYS_SEARCH_USER_PATHS = NO;
				CLANG_CXX_LANGUAGE_STANDARD = "gnu++0x";
				CLANG_CXX_LIBRARY = "libc++";
				CLANG_ENABLE_MODULES = YES;
				CLANG_ENABLE_OBJC_ARC = YES;
				CLANG_WARN_BOOL_CONVERSION = YES;
				CLANG_WARN_CONSTANT_CONVERSION = YES;
				CLANG_WARN_DIRECT_OBJC_ISA_USAGE = YES_ERROR;
				CLANG_WARN_EMPTY_BODY = YES;
				CLANG_WARN_ENUM_CONVERSION = YES;
				CLANG_WARN_INT_CONVERSION = YES;
				CLANG_WARN_OBJC_ROOT_CLASS = YES_ERROR;
				CLANG_WARN_UNREACHABLE_CODE = YES;
				CLANG_WARN__DUPLICATE_METHOD_MATCH = YES;
				"CODE_SIGN_IDENTITY[sdk=iphoneos*]" = "iPhone Developer";
				COPY_PHASE_STRIP = NO;
				DEBUG_INFORMATION_FORMAT = dwarf;
				ENABLE_STRICT_OBJC_MSGSEND = YES;
				ENABLE_TESTABILITY = YES;
				GCC_C_LANGUAGE_STANDARD = gnu99;
				GCC_DYNAMIC_NO_PIC = NO;
				GCC_NO_COMMON_BLOCKS = YES;
				GCC_OPTIMIZATION_LEVEL = 0;
				GCC_PREPROCESSOR_DEFINITIONS = (
					"DEBUG=1",
					"$(inherited)",
				);
				GCC_WARN_64_TO_32_BIT_CONVERSION = YES;
				GCC_WARN_ABOUT_RETURN_TYPE = YES_ERROR;
				GCC_WARN_UNDECLARED_SELECTOR = YES;
				GCC_WARN_UNINITIALIZED_AUTOS = YES_AGGRESSIVE;
				GCC_WARN_UNUSED_FUNCTION = YES;
				GCC_WARN_UNUSED_VARIABLE = YES;
				IPHONEOS_DEPLOYMENT_TARGET = 9.2;
				MTL_ENABLE_DEBUG_INFO = YES;
				ONLY_ACTIVE_ARCH = YES;
				SDKROOT = iphoneos;
				SWIFT_OPTIMIZATION_LEVEL = "-Onone";
			};
			name = Debug;
		};
		CC88A2A41C6A2E41004ED7EF /* Release */ = {
			isa = XCBuildConfiguration;
			buildSettings = {
				ALWAYS_SEARCH_USER_PATHS = NO;
				CLANG_CXX_LANGUAGE_STANDARD = "gnu++0x";
				CLANG_CXX_LIBRARY = "libc++";
				CLANG_ENABLE_MODULES = YES;
				CLANG_ENABLE_OBJC_ARC = YES;
				CLANG_WARN_BOOL_CONVERSION = YES;
				CLANG_WARN_CONSTANT_CONVERSION = YES;
				CLANG_WARN_DIRECT_OBJC_ISA_USAGE = YES_ERROR;
				CLANG_WARN_EMPTY_BODY = YES;
				CLANG_WARN_ENUM_CONVERSION = YES;
				CLANG_WARN_INT_CONVERSION = YES;
				CLANG_WARN_OBJC_ROOT_CLASS = YES_ERROR;
				CLANG_WARN_UNREACHABLE_CODE = YES;
				CLANG_WARN__DUPLICATE_METHOD_MATCH = YES;
				"CODE_SIGN_IDENTITY[sdk=iphoneos*]" = "iPhone Developer";
				COPY_PHASE_STRIP = NO;
				DEBUG_INFORMATION_FORMAT = "dwarf-with-dsym";
				ENABLE_NS_ASSERTIONS = NO;
				ENABLE_STRICT_OBJC_MSGSEND = YES;
				GCC_C_LANGUAGE_STANDARD = gnu99;
				GCC_NO_COMMON_BLOCKS = YES;
				GCC_WARN_64_TO_32_BIT_CONVERSION = YES;
				GCC_WARN_ABOUT_RETURN_TYPE = YES_ERROR;
				GCC_WARN_UNDECLARED_SELECTOR = YES;
				GCC_WARN_UNINITIALIZED_AUTOS = YES_AGGRESSIVE;
				GCC_WARN_UNUSED_FUNCTION = YES;
				GCC_WARN_UNUSED_VARIABLE = YES;
				IPHONEOS_DEPLOYMENT_TARGET = 9.2;
				MTL_ENABLE_DEBUG_INFO = NO;
				SDKROOT = iphoneos;
				VALIDATE_PRODUCT = YES;
			};
			name = Release;
		};
		CC88A2A61C6A2E41004ED7EF /* Debug */ = {
			isa = XCBuildConfiguration;
			buildSettings = {
				ASSETCATALOG_COMPILER_APPICON_NAME = AppIcon;
				INFOPLIST_FILE = Animations/Info.plist;
				LD_RUNPATH_SEARCH_PATHS = "$(inherited) @executable_path/Frameworks";
				PRODUCT_BUNDLE_IDENTIFIER = com.bartjacobs.Animations;
				PRODUCT_NAME = "$(TARGET_NAME)";
			};
			name = Debug;
		};
		CC88A2A71C6A2E41004ED7EF /* Release */ = {
			isa = XCBuildConfiguration;
			buildSettings = {
				ASSETCATALOG_COMPILER_APPICON_NAME = AppIcon;
				INFOPLIST_FILE = Animations/Info.plist;
				LD_RUNPATH_SEARCH_PATHS = "$(inherited) @executable_path/Frameworks";
				PRODUCT_BUNDLE_IDENTIFIER = com.bartjacobs.Animations;
				PRODUCT_NAME = "$(TARGET_NAME)";
			};
			name = Release;
		};
/* End XCBuildConfiguration section */

/* Begin XCConfigurationList section */
		CC88A28E1C6A2E41004ED7EF /* Build configuration list for PBXProject "Animations" */ = {
			isa = XCConfigurationList;
			buildConfigurations = (
				CC88A2A31C6A2E41004ED7EF /* Debug */,
				CC88A2A41C6A2E41004ED7EF /* Release */,
			);
			defaultConfigurationIsVisible = 0;
			defaultConfigurationName = Release;
		};
		CC88A2A51C6A2E41004ED7EF /* Build configuration list for PBXNativeTarget "Animations" */ = {
			isa = XCConfigurationList;
			buildConfigurations = (
				CC88A2A61C6A2E41004ED7EF /* Debug */,
				CC88A2A71C6A2E41004ED7EF /* Release */,
			);
			defaultConfigurationIsVisible = 0;
		};
/* End XCConfigurationList section */
	};
	rootObject = CC88A28B1C6A2E41004ED7EF /* Project object */;
}
